
Microsoft Visual Studio Solution File, Format Version 12.00
# Visual Studio Version 17
VisualStudioVersion = 17.13.35913.81 d17.13
MinimumVisualStudioVersion = 10.0.40219.1
Project("{FAE04EC0-301F-11D3-BF4B-00C04F79EFBC}") = "MidTerm_DNet", "MidTerm_DNet.csproj", "{ACA40F39-19F3-4ADE-964B-973D9B0BCCF6}"
EndProject
Global
	GlobalSection(SolutionConfigurationPlatforms) = preSolution
		Debug|Any CPU = Debug|Any CPU
		Release|Any CPU = Release|Any CPU
	EndGlobalSection
	GlobalSection(ProjectConfigurationPlatforms) = postSolution
		{ACA40F39-19F3-4ADE-964B-973D9B0BCCF6}.Debug|Any CPU.ActiveCfg = Debug|Any CPU
		{ACA40F39-19F3-4ADE-964B-973D9B0BCCF6}.Debug|Any CPU.Build.0 = Debug|Any CPU
		{ACA40F39-19F3-4ADE-964B-973D9B0BCCF6}.Release|Any CPU.ActiveCfg = Release|Any CPU
		{ACA40F39-19F3-4ADE-964B-973D9B0BCCF6}.Release|Any CPU.Build.0 = Release|Any CPU
	EndGlobalSection
	GlobalSection(SolutionProperties) = preSolution
		HideSolutionNode = FALSE
	EndGlobalSection
	GlobalSection(ExtensibilityGlobals) = postSolution
		SolutionGuid = {8C85B2B8-6700-4998-B204-A0DD68F65533}
	EndGlobalSection
EndGlobal
